
Microsoft Visual Studio Solution File, Format Version 12.00
# Visual Studio Version 16
VisualStudioVersion = 16.0.31727.386
MinimumVisualStudioVersion = 10.0.40219.1
Project("{FAE04EC0-301F-11D3-BF4B-00C04F79EFBC}") = "MathQuiz", "MathQuiz\MathQuiz.csproj", "{CE536E00-115D-4D5E-AB90-8F24E6C332E5}"
EndProject
Global
	GlobalSection(SolutionConfigurationPlatforms) = preSolution
		Debug|Any CPU = Debug|Any CPU
		Release|Any CPU = Release|Any CPU
	EndGlobalSection
	GlobalSection(ProjectConfigurationPlatforms) = postSolution
		{CE536E00-115D-4D5E-AB90-8F24E6C332E5}.Debug|Any CPU.ActiveCfg = Debug|Any CPU
		{CE536E00-115D-4D5E-AB90-8F24E6C332E5}.Debug|Any CPU.Build.0 = Debug|Any CPU
		{CE536E00-115D-4D5E-AB90-8F24E6C332E5}.Release|Any CPU.ActiveCfg = Release|Any CPU
		{CE536E00-115D-4D5E-AB90-8F24E6C332E5}.Release|Any CPU.Build.0 = Release|Any CPU
	EndGlobalSection
	GlobalSection(SolutionProperties) = preSolution
		HideSolutionNode = FALSE
	EndGlobalSection
	GlobalSection(ExtensibilityGlobals) = postSolution
		SolutionGuid = {0AD5691A-B085-4AB6-BBFC-9E20CC5DAEAC}
	EndGlobalSection
EndGlobal
